
Microsoft Visual Studio Solution File, Format Version 12.00
# Visual Studio 15
VisualStudioVersion = 15.0.27004.2009
MinimumVisualStudioVersion = 10.0.40219.1
Project("{8BC9CEB8-8B4A-11D0-8D11-00A0C91BC942}") = "lesson2", "lesson2.vcxproj", "{FF854ED5-E036-4D55-BA71-C27918346EFC}"
EndProject
Global
	GlobalSection(SolutionConfigurationPlatforms) = preSolution
		Debug|x86 = Debug|x86
		Release|x86 = Release|x86
	EndGlobalSection
	GlobalSection(ProjectConfigurationPlatforms) = postSolution
		{FF854ED5-E036-4D55-BA71-C27918346EFC}.Debug|x86.ActiveCfg = Debug|Win32
		{FF854ED5-E036-4D55-BA71-C27918346EFC}.Debug|x86.Build.0 = Debug|Win32
		{FF854ED5-E036-4D55-BA71-C27918346EFC}.Release|x86.ActiveCfg = Release|Win32
		{FF854ED5-E036-4D55-BA71-C27918346EFC}.Release|x86.Build.0 = Release|Win32
	EndGlobalSection
	GlobalSection(SolutionProperties) = preSolution
		HideSolutionNode = FALSE
	EndGlobalSection
	GlobalSection(ExtensibilityGlobals) = postSolution
		SolutionGuid = {3802160E-456A-47B2-9800-85F23915F1F9}
	EndGlobalSection
EndGlobal
